{
  "name": "@lch/virtual-list",
  "version": "1.0.0",
  "lockfileVersion": 2,
  "requires": true,
  "packages": {
    "": {
      "name": "@lch/virtual-list",
      "version": "1.0.0",
      "license": "ISC",
      "dependencies": {
        "@lch/common": "file:../Common"
      }
    },
    "../Common": {
      "version": "1.0.0",
      "license": "ISC"
    },
    "node_modules/@lch/common": {
      "resolved": "../Common",
      "link": true
    }
  },
  "dependencies": {
    "@lch/common": {
      "version": "file:../Common"
    }
  }
}
